// !$*UTF8*$!
{
	archiveVersion = 1;
	classes = {
	};
	objectVersion = 50;
	objects = {

/* Begin PBXBuildFile section */
		0628A25E22BE1007006ABADB /* AppDelegate.swift in Sources */ = {isa = PBXBuildFile; fileRef = 0628A25D22BE1007006ABADB /* AppDelegate.swift */; };
		0628A26022BE1007006ABADB /* ViewController.swift in Sources */ = {isa = PBXBuildFile; fileRef = 0628A25F22BE1007006ABADB /* ViewController.swift */; };
		0628A26322BE1007006ABADB /* Main.storyboard in Resources */ = {isa = PBXBuildFile; fileRef = 0628A26122BE1007006ABADB /* Main.storyboard */; };
		0628A26522BE1008006ABADB /* Assets.xcassets in Resources */ = {isa = PBXBuildFile; fileRef = 0628A26422BE1008006ABADB /* Assets.xcassets */; };
		0628A26822BE1008006ABADB /* LaunchScreen.storyboard in Resources */ = {isa = PBXBuildFile; fileRef = 0628A26622BE1008006ABADB /* LaunchScreen.storyboard */; };
		0628A27322BE1008006ABADB /* AlertMessageDemoTests.swift in Sources */ = {isa = PBXBuildFile; fileRef = 0628A27222BE1008006ABADB /* AlertMessageDemoTests.swift */; };
		0628A27E22BE1008006ABADB /* AlertMessageDemoUITests.swift in Sources */ = {isa = PBXBuildFile; fileRef = 0628A27D22BE1008006ABADB /* AlertMessageDemoUITests.swift */; };
/* End PBXBuildFile section */

/* Begin PBXContainerItemProxy section */
		0628A26F22BE1008006ABADB /* PBXContainerItemProxy */ = {
			isa = PBXContainerItemProxy;
			containerPortal = 0628A25222BE1007006ABADB /* Project object */;
			proxyType = 1;
			remoteGlobalIDString = 0628A25922BE1007006ABADB;
			remoteInfo = AlertMessageDemo;
		};
		0628A27A22BE1008006ABADB /* PBXContainerItemProxy */ = {
			isa = PBXContainerItemProxy;
			containerPortal = 0628A25222BE1007006ABADB /* Project object */;
			proxyType = 1;
			remoteGlobalIDString = 0628A25922BE1007006ABADB;
			remoteInfo = AlertMessageDemo;
		};
/* End PBXContainerItemProxy section */

/* Begin PBXFileReference section */
		0628A25A22BE1007006ABADB /* AlertMessageDemo.app */ = {isa = PBXFileReference; explicitFileType = wrapper.application; includeInIndex = 0; path = AlertMessageDemo.app; sourceTree = BUILT_PRODUCTS_DIR; };
		0628A25D22BE1007006ABADB /* AppDelegate.swift */ = {isa = PBXFileReference; lastKnownFileType = sourcecode.swift; path = AppDelegate.swift; sourceTree = "<group>"; };
		0628A25F22BE1007006ABADB /* ViewController.swift */ = {isa = PBXFileReference; lastKnownFileType = sourcecode.swift; path = ViewController.swift; sourceTree = "<group>"; };
		0628A26222BE1007006ABADB /* Base */ = {isa = PBXFileReference; lastKnownFileType = file.storyboard; name = Base; path = Base.lproj/Main.storyboard; sourceTree = "<group>"; };
		0628A26422BE1008006ABADB /* Assets.xcassets */ = {isa = PBXFileReference; lastKnownFileType = folder.assetcatalog; path = Assets.xcassets; sourceTree = "<group>"; };
		0628A26722BE1008006ABADB /* Base */ = {isa = PBXFileReference; lastKnownFileType = file.storyboard; name = Base; path = Base.lproj/LaunchScreen.storyboard; sourceTree = "<group>"; };
		0628A26922BE1008006ABADB /* Info.plist */ = {isa = PBXFileReference; lastKnownFileType = text.plist.xml; path = Info.plist; sourceTree = "<group>"; };
		0628A26E22BE1008006ABADB /* AlertMessageDemoTests.xctest */ = {isa = PBXFileReference; explicitFileType = wrapper.cfbundle; includeInIndex = 0; path = AlertMessageDemoTests.xctest; sourceTree = BUILT_PRODUCTS_DIR; };
		0628A27222BE1008006ABADB /* AlertMessageDemoTests.swift */ = {isa = PBXFileReference; lastKnownFileType = sourcecode.swift; path = AlertMessageDemoTests.swift; sourceTree = "<group>"; };
		0628A27422BE1008006ABADB /* Info.plist */ = {isa = PBXFileReference; lastKnownFileType = text.plist.xml; path = Info.plist; sourceTree = "<group>"; };
		0628A27922BE1008006ABADB /* AlertMessageDemoUITests.xctest */ = {isa = PBXFileReference; explicitFileType = wrapper.cfbundle; includeInIndex = 0; path = AlertMessageDemoUITests.xctest; sourceTree = BUILT_PRODUCTS_DIR; };
		0628A27D22BE1008006ABADB /* AlertMessageDemoUITests.swift */ = {isa = PBXFileReference; lastKnownFileType = sourcecode.swift; path = AlertMessageDemoUITests.swift; sourceTree = "<group>"; };
		0628A27F22BE1008006ABADB /* Info.plist */ = {isa = PBXFileReference; lastKnownFileType = text.plist.xml; path = Info.plist; sourceTree = "<group>"; };
/* End PBXFileReference section */

/* Begin PBXFrameworksBuildPhase section */
		0628A25722BE1007006ABADB /* Frameworks */ = {
			isa = PBXFrameworksBuildPhase;
			buildActionMask = 2147483647;
			files = (
			);
			runOnlyForDeploymentPostprocessing = 0;
		};
		0628A26B22BE1008006ABADB /* Frameworks */ = {
			isa = PBXFrameworksBuildPhase;
			buildActionMask = 2147483647;
			files = (
			);
			runOnlyForDeploymentPostprocessing = 0;
		};
		0628A27622BE1008006ABADB /* Frameworks */ = {
			isa = PBXFrameworksBuildPhase;
			buildActionMask = 2147483647;
			files = (
			);
			runOnlyForDeploymentPostprocessing = 0;
		};
/* End PBXFrameworksBuildPhase section */

/* Begin PBXGroup section */
		0628A25122BE1007006ABADB = {
			isa = PBXGroup;
			children = (
				0628A25C22BE1007006ABADB /* AlertMessageDemo */,
				0628A27122BE1008006ABADB /* AlertMessageDemoTests */,
				0628A27C22BE1008006ABADB /* AlertMessageDemoUITests */,
				0628A25B22BE1007006ABADB /* Products */,
			);
			sourceTree = "<group>";
		};
		0628A25B22BE1007006ABADB /* Products */ = {
			isa = PBXGroup;
			children = (
				0628A25A22BE1007006ABADB /* AlertMessageDemo.app */,
				0628A26E22BE1008006ABADB /* AlertMessageDemoTests.xctest */,
				0628A27922BE1008006ABADB /* AlertMessageDemoUITests.xctest */,
			);
			name = Products;
			sourceTree = "<group>";
		};
		0628A25C22BE1007006ABADB /* AlertMessageDemo */ = {
			isa = PBXGroup;
			children = (
				0628A25D22BE1007006ABADB /* AppDelegate.swift */,
				0628A25F22BE1007006ABADB /* ViewController.swift */,
				0628A26122BE1007006ABADB /* Main.storyboard */,
				0628A26422BE1008006ABADB /* Assets.xcassets */,
				0628A26622BE1008006ABADB /* LaunchScreen.storyboard */,
				0628A26922BE1008006ABADB /* Info.plist */,
			);
			path = AlertMessageDemo;
			sourceTree = "<group>";
		};
		0628A27122BE1008006ABADB /* AlertMessageDemoTests */ = {
			isa = PBXGroup;
			children = (
				0628A27222BE1008006ABADB /* AlertMessageDemoTests.swift */,
				0628A27422BE1008006ABADB /* Info.plist */,
			);
			path = AlertMessageDemoTests;
			sourceTree = "<group>";
		};
		0628A27C22BE1008006ABADB /* AlertMessageDemoUITests */ = {
			isa = PBXGroup;
			children = (
				0628A27D22BE1008006ABADB /* AlertMessageDemoUITests.swift */,
				0628A27F22BE1008006ABADB /* Info.plist */,
			);
			path = AlertMessageDemoUITests;
			sourceTree = "<group>";
		};
/* End PBXGroup section */

/* Begin PBXNativeTarget section */
		0628A25922BE1007006ABADB /* AlertMessageDemo */ = {
			isa = PBXNativeTarget;
			buildConfigurationList = 0628A28222BE1008006ABADB /* Build configuration list for PBXNativeTarget "AlertMessageDemo" */;
			buildPhases = (
				0628A25622BE1007006ABADB /* Sources */,
				0628A25722BE1007006ABADB /* Frameworks */,
				0628A25822BE1007006ABADB /* Resources */,
			);
			buildRules = (
			);
			dependencies = (
			);
			name = AlertMessageDemo;
			productName = AlertMessageDemo;
			productReference = 0628A25A22BE1007006ABADB /* AlertMessageDemo.app */;
			productType = "com.apple.product-type.application";
		};
		0628A26D22BE1008006ABADB /* AlertMessageDemoTests */ = {
			isa = PBXNativeTarget;
			buildConfigurationList = 0628A28522BE1008006ABADB /* Build configuration list for PBXNativeTarget "AlertMessageDemoTests" */;
			buildPhases = (
				0628A26A22BE1008006ABADB /* Sources */,
				0628A26B22BE1008006ABADB /* Frameworks */,
				0628A26C22BE1008006ABADB /* Resources */,
			);
			buildRules = (
			);
			dependencies = (
				0628A27022BE1008006ABADB /* PBXTargetDependency */,
			);
			name = AlertMessageDemoTests;
			productName = AlertMessageDemoTests;
			productReference = 0628A26E22BE1008006ABADB /* AlertMessageDemoTests.xctest */;
			productType = "com.apple.product-type.bundle.unit-test";
		};
		0628A27822BE1008006ABADB /* AlertMessageDemoUITests */ = {
			isa = PBXNativeTarget;
			buildConfigurationList = 0628A28822BE1008006ABADB /* Build configuration list for PBXNativeTarget "AlertMessageDemoUITests" */;
			buildPhases = (
				0628A27522BE1008006ABADB /* Sources */,
				0628A27622BE1008006ABADB /* Frameworks */,
				0628A27722BE1008006ABADB /* Resources */,
			);
			buildRules = (
			);
			dependencies = (
				0628A27B22BE1008006ABADB /* PBXTargetDependency */,
			);
			name = AlertMessageDemoUITests;
			productName = AlertMessageDemoUITests;
			productReference = 0628A27922BE1008006ABADB /* AlertMessageDemoUITests.xctest */;
			productType = "com.apple.product-type.bundle.ui-testing";
		};
/* End PBXNativeTarget section */

/* Begin PBXProject section */
		0628A25222BE1007006ABADB /* Project object */ = {
			isa = PBXProject;
			attributes = {
				LastSwiftUpdateCheck = 1020;
				LastUpgradeCheck = 1020;
				ORGANIZATIONNAME = "Jennifer Lin";
				TargetAttributes = {
					0628A25922BE1007006ABADB = {
						CreatedOnToolsVersion = 10.2.1;
					};
					0628A26D22BE1008006ABADB = {
						CreatedOnToolsVersion = 10.2.1;
						TestTargetID = 0628A25922BE1007006ABADB;
					};
					0628A27822BE1008006ABADB = {
						CreatedOnToolsVersion = 10.2.1;
						TestTargetID = 0628A25922BE1007006ABADB;
					};
				};
			};
			buildConfigurationList = 0628A25522BE1007006ABADB /* Build configuration list for PBXProject "AlertMessageDemo" */;
			compatibilityVersion = "Xcode 9.3";
			developmentRegion = en;
			hasScannedForEncodings = 0;
			knownRegions = (
				en,
				Base,
			);
			mainGroup = 0628A25122BE1007006ABADB;
			productRefGroup = 0628A25B22BE1007006ABADB /* Products */;
			projectDirPath = "";
			projectRoot = "";
			targets = (
				0628A25922BE1007006ABADB /* AlertMessageDemo */,
				0628A26D22BE1008006ABADB /* AlertMessageDemoTests */,
				0628A27822BE1008006ABADB /* AlertMessageDemoUITests */,
			);
		};
/* End PBXProject section */

/* Begin PBXResourcesBuildPhase section */
		0628A25822BE1007006ABADB /* Resources */ = {
			isa = PBXResourcesBuildPhase;
			buildActionMask = 2147483647;
			files = (
				0628A26822BE1008006ABADB /* LaunchScreen.storyboard in Resources */,
				0628A26522BE1008006ABADB /* Assets.xcassets in Resources */,
				0628A26322BE1007006ABADB /* Main.storyboard in Resources */,
			);
			runOnlyForDeploymentPostprocessing = 0;
		};
		0628A26C22BE1008006ABADB /* Resources */ = {
			isa = PBXResourcesBuildPhase;
			buildActionMask = 2147483647;
			files = (
			);
			runOnlyForDeploymentPostprocessing = 0;
		};
		0628A27722BE1008006ABADB /* Resources */ = {
			isa = PBXResourcesBuildPhase;
			buildActionMask = 2147483647;
			files = (
			);
			runOnlyForDeploymentPostprocessing = 0;
		};
/* End PBXResourcesBuildPhase section */

/* Begin PBXSourcesBuildPhase section */
		0628A25622BE1007006ABADB /* Sources */ = {
			isa = PBXSourcesBuildPhase;
			buildActionMask = 2147483647;
			files = (
				0628A26022BE1007006ABADB /* ViewController.swift in Sources */,
				0628A25E22BE1007006ABADB /* AppDelegate.swift in Sources */,
			);
			runOnlyForDeploymentPostprocessing = 0;
		};
		0628A26A22BE1008006ABADB /* Sources */ = {
			isa = PBXSourcesBuildPhase;
			buildActionMask = 2147483647;
			files = (
				0628A27322BE1008006ABADB /* AlertMessageDemoTests.swift in Sources */,
			);
			runOnlyForDeploymentPostprocessing = 0;
		};
		0628A27522BE1008006ABADB /* Sources */ = {
			isa = PBXSourcesBuildPhase;
			buildActionMask = 2147483647;
			files = (
				0628A27E22BE1008006ABADB /* AlertMessageDemoUITests.swift in Sources */,
			);
			runOnlyForDeploymentPostprocessing = 0;
		};
/* End PBXSourcesBuildPhase section */

/* Begin PBXTargetDependency section */
		0628A27022BE1008006ABADB /* PBXTargetDependency */ = {
			isa = PBXTargetDependency;
			target = 0628A25922BE1007006ABADB /* AlertMessageDemo */;
			targetProxy = 0628A26F22BE1008006ABADB /* PBXContainerItemProxy */;
		};
		0628A27B22BE1008006ABADB /* PBXTargetDependency */ = {
			isa = PBXTargetDependency;
			target = 0628A25922BE1007006ABADB /* AlertMessageDemo */;
			targetProxy = 0628A27A22BE1008006ABADB /* PBXContainerItemProxy */;
		};
/* End PBXTargetDependency section */

/* Begin PBXVariantGroup section */
		0628A26122BE1007006ABADB /* Main.storyboard */ = {
			isa = PBXVariantGroup;
			children = (
				0628A26222BE1007006ABADB /* Base */,
			);
			name = Main.storyboard;
			sourceTree = "<group>";
		};
		0628A26622BE1008006ABADB /* LaunchScreen.storyboard */ = {
			isa = PBXVariantGroup;
			children = (
				0628A26722BE1008006ABADB /* Base */,
			);
			name = LaunchScreen.storyboard;
			sourceTree = "<group>";
		};
/* End PBXVariantGroup section */

/* Begin XCBuildConfiguration section */
		0628A28022BE1008006ABADB /* Debug */ = {
			isa = XCBuildConfiguration;
			buildSettings = {
				ALWAYS_SEARCH_USER_PATHS = NO;
				CLANG_ANALYZER_NONNULL = YES;
				CLANG_ANALYZER_NUMBER_OBJECT_CONVERSION = YES_AGGRESSIVE;
				CLANG_CXX_LANGUAGE_STANDARD = "gnu++14";
				CLANG_CXX_LIBRARY = "libc++";
				CLANG_ENABLE_MODULES = YES;
				CLANG_ENABLE_OBJC_ARC = YES;
				CLANG_ENABLE_OBJC_WEAK = YES;
				CLANG_WARN_BLOCK_CAPTURE_AUTORELEASING = YES;
				CLANG_WARN_BOOL_CONVERSION = YES;
				CLANG_WARN_COMMA = YES;
				CLANG_WARN_CONSTANT_CONVERSION = YES;
				CLANG_WARN_DEPRECATED_OBJC_IMPLEMENTATIONS = YES;
				CLANG_WARN_DIRECT_OBJC_ISA_USAGE = YES_ERROR;
				CLANG_WARN_DOCUMENTATION_COMMENTS = YES;
				CLANG_WARN_EMPTY_BODY = YES;
				CLANG_WARN_ENUM_CONVERSION = YES;
				CLANG_WARN_INFINITE_RECURSION = YES;
				CLANG_WARN_INT_CONVERSION = YES;
				CLANG_WARN_NON_LITERAL_NULL_CONVERSION = YES;
				CLANG_WARN_OBJC_IMPLICIT_RETAIN_SELF = YES;
				CLANG_WARN_OBJC_LITERAL_CONVERSION = YES;
				CLANG_WARN_OBJC_ROOT_CLASS = YES_ERROR;
				CLANG_WARN_RANGE_LOOP_ANALYSIS = YES;
				CLANG_WARN_STRICT_PROTOTYPES = YES;
				CLANG_WARN_SUSPICIOUS_MOVE = YES;
				CLANG_WARN_UNGUARDED_AVAILABILITY = YES_AGGRESSIVE;
				CLANG_WARN_UNREACHABLE_CODE = YES;
				CLANG_WARN__DUPLICATE_METHOD_MATCH = YES;
				CODE_SIGN_IDENTITY = "iPhone Developer";
				COPY_PHASE_STRIP = NO;
				DEBUG_INFORMATION_FORMAT = dwarf;
				ENABLE_STRICT_OBJC_MSGSEND = YES;
				ENABLE_TESTABILITY = YES;
				GCC_C_LANGUAGE_STANDARD = gnu11;
				GCC_DYNAMIC_NO_PIC = NO;
				GCC_NO_COMMON_BLOCKS = YES;
				GCC_OPTIMIZATION_LEVEL = 0;
				GCC_PREPROCESSOR_DEFINITIONS = (
					"DEBUG=1",
					"$(inherited)",
				);
				GCC_WARN_64_TO_32_BIT_CONVERSION = YES;
				GCC_WARN_ABOUT_RETURN_TYPE = YES_ERROR;
				GCC_WARN_UNDECLARED_SELECTOR = YES;
				GCC_WARN_UNINITIALIZED_AUTOS = YES_AGGRESSIVE;
				GCC_WARN_UNUSED_FUNCTION = YES;
				GCC_WARN_UNUSED_VARIABLE = YES;
				IPHONEOS_DEPLOYMENT_TARGET = 12.2;
				MTL_ENABLE_DEBUG_INFO = INCLUDE_SOURCE;
				MTL_FAST_MATH = YES;
				ONLY_ACTIVE_ARCH = YES;
				SDKROOT = iphoneos;
				SWIFT_ACTIVE_COMPILATION_CONDITIONS = DEBUG;
				SWIFT_OPTIMIZATION_LEVEL = "-Onone";
			};
			name = Debug;
		};
		0628A28122BE1008006ABADB /* Release */ = {
			isa = XCBuildConfiguration;
			buildSettings = {
				ALWAYS_SEARCH_USER_PATHS = NO;
				CLANG_ANALYZER_NONNULL = YES;
				CLANG_ANALYZER_NUMBER_OBJECT_CONVERSION = YES_AGGRESSIVE;
				CLANG_CXX_LANGUAGE_STANDARD = "gnu++14";
				CLANG_CXX_LIBRARY = "libc++";
				CLANG_ENABLE_MODULES = YES;
				CLANG_ENABLE_OBJC_ARC = YES;
				CLANG_ENABLE_OBJC_WEAK = YES;
				CLANG_WARN_BLOCK_CAPTURE_AUTORELEASING = YES;
				CLANG_WARN_BOOL_CONVERSION = YES;
				CLANG_WARN_COMMA = YES;
				CLANG_WARN_CONSTANT_CONVERSION = YES;
				CLANG_WARN_DEPRECATED_OBJC_IMPLEMENTATIONS = YES;
				CLANG_WARN_DIRECT_OBJC_ISA_USAGE = YES_ERROR;
				CLANG_WARN_DOCUMENTATION_COMMENTS = YES;
				CLANG_WARN_EMPTY_BODY = YES;
				CLANG_WARN_ENUM_CONVERSION = YES;
				CLANG_WARN_INFINITE_RECURSION = YES;
				CLANG_WARN_INT_CONVERSION = YES;
				CLANG_WARN_NON_LITERAL_NULL_CONVERSION = YES;
				CLANG_WARN_OBJC_IMPLICIT_RETAIN_SELF = YES;
				CLANG_WARN_OBJC_LITERAL_CONVERSION = YES;
				CLANG_WARN_OBJC_ROOT_CLASS = YES_ERROR;
				CLANG_WARN_RANGE_LOOP_ANALYSIS = YES;
				CLANG_WARN_STRICT_PROTOTYPES = YES;
				CLANG_WARN_SUSPICIOUS_MOVE = YES;
				CLANG_WARN_UNGUARDED_AVAILABILITY = YES_AGGRESSIVE;
				CLANG_WARN_UNREACHABLE_CODE = YES;
				CLANG_WARN__DUPLICATE_METHOD_MATCH = YES;
				CODE_SIGN_IDENTITY = "iPhone Developer";
				COPY_PHASE_STRIP = NO;
				DEBUG_INFORMATION_FORMAT = "dwarf-with-dsym";
				ENABLE_NS_ASSERTIONS = NO;
				ENABLE_STRICT_OBJC_MSGSEND = YES;
				GCC_C_LANGUAGE_STANDARD = gnu11;
				GCC_NO_COMMON_BLOCKS = YES;
				GCC_WARN_64_TO_32_BIT_CONVERSION = YES;
				GCC_WARN_ABOUT_RETURN_TYPE = YES_ERROR;
				GCC_WARN_UNDECLARED_SELECTOR = YES;
				GCC_WARN_UNINITIALIZED_AUTOS = YES_AGGRESSIVE;
				GCC_WARN_UNUSED_FUNCTION = YES;
				GCC_WARN_UNUSED_VARIABLE = YES;
				IPHONEOS_DEPLOYMENT_TARGET = 12.2;
				MTL_ENABLE_DEBUG_INFO = NO;
				MTL_FAST_MATH = YES;
				SDKROOT = iphoneos;
				SWIFT_COMPILATION_MODE = wholemodule;
				SWIFT_OPTIMIZATION_LEVEL = "-O";
				VALIDATE_PRODUCT = YES;
			};
			name = Release;
		};
		0628A28322BE1008006ABADB /* Debug */ = {
			isa = XCBuildConfiguration;
			buildSettings = {
				ASSETCATALOG_COMPILER_APPICON_NAME = AppIcon;
				CODE_SIGN_STYLE = Automatic;
				DEVELOPMENT_TEAM = L96G5KY244;
				INFOPLIST_FILE = AlertMessageDemo/Info.plist;
				LD_RUNPATH_SEARCH_PATHS = (
					"$(inherited)",
					"@executable_path/Frameworks",
				);
				PRODUCT_BUNDLE_IDENTIFIER = edu.cjcu.AlertMessageDemo;
				PRODUCT_NAME = "$(TARGET_NAME)";
				SWIFT_VERSION = 5.0;
				TARGETED_DEVICE_FAMILY = "1,2";
			};
			name = Debug;
		};
		0628A28422BE1008006ABADB /* Release */ = {
			isa = XCBuildConfiguration;
			buildSettings = {
				ASSETCATALOG_COMPILER_APPICON_NAME = AppIcon;
				CODE_SIGN_STYLE = Automatic;
				DEVELOPMENT_TEAM = L96G5KY244;
				INFOPLIST_FILE = AlertMessageDemo/Info.plist;
				LD_RUNPATH_SEARCH_PATHS = (
					"$(inherited)",
					"@executable_path/Frameworks",
				);
				PRODUCT_BUNDLE_IDENTIFIER = edu.cjcu.AlertMessageDemo;
				PRODUCT_NAME = "$(TARGET_NAME)";
				SWIFT_VERSION = 5.0;
				TARGETED_DEVICE_FAMILY = "1,2";
			};
			name = Release;
		};
		0628A28622BE1008006ABADB /* Debug */ = {
			isa = XCBuildConfiguration;
			buildSettings = {
				ALWAYS_EMBED_SWIFT_STANDARD_LIBRARIES = YES;
				BUNDLE_LOADER = "$(TEST_HOST)";
				CODE_SIGN_STYLE = Automatic;
				DEVELOPMENT_TEAM = L96G5KY244;
				INFOPLIST_FILE = AlertMessageDemoTests/Info.plist;
				LD_RUNPATH_SEARCH_PATHS = (
					"$(inherited)",
					"@executable_path/Frameworks",
					"@loader_path/Frameworks",
				);
				PRODUCT_BUNDLE_IDENTIFIER = edu.cjcu.AlertMessageDemoTests;
				PRODUCT_NAME = "$(TARGET_NAME)";
				SWIFT_VERSION = 5.0;
				TARGETED_DEVICE_FAMILY = "1,2";
				TEST_HOST = "$(BUILT_PRODUCTS_DIR)/AlertMessageDemo.app/AlertMessageDemo";
			};
			name = Debug;
		};
		0628A28722BE1008006ABADB /* Release */ = {
			isa = XCBuildConfiguration;
			buildSettings = {
				ALWAYS_EMBED_SWIFT_STANDARD_LIBRARIES = YES;
				BUNDLE_LOADER = "$(TEST_HOST)";
				CODE_SIGN_STYLE = Automatic;
				DEVELOPMENT_TEAM = L96G5KY244;
				INFOPLIST_FILE = AlertMessageDemoTests/Info.plist;
				LD_RUNPATH_SEARCH_PATHS = (
					"$(inherited)",
					"@executable_path/Frameworks",
					"@loader_path/Frameworks",
				);
				PRODUCT_BUNDLE_IDENTIFIER = edu.cjcu.AlertMessageDemoTests;
				PRODUCT_NAME = "$(TARGET_NAME)";
				SWIFT_VERSION = 5.0;
				TARGETED_DEVICE_FAMILY = "1,2";
				TEST_HOST = "$(BUILT_PRODUCTS_DIR)/AlertMessageDemo.app/AlertMessageDemo";
			};
			name = Release;
		};
		0628A28922BE1008006ABADB /* Debug */ = {
			isa = XCBuildConfiguration;
			buildSettings = {
				ALWAYS_EMBED_SWIFT_STANDARD_LIBRARIES = YES;
				CODE_SIGN_STYLE = Automatic;
				DEVELOPMENT_TEAM = L96G5KY244;
				INFOPLIST_FILE = AlertMessageDemoUITests/Info.plist;
				LD_RUNPATH_SEARCH_PATHS = (
					"$(inherited)",
					"@executable_path/Frameworks",
					"@loader_path/Frameworks",
				);
				PRODUCT_BUNDLE_IDENTIFIER = edu.cjcu.AlertMessageDemoUITests;
				PRODUCT_NAME = "$(TARGET_NAME)";
				SWIFT_VERSION = 5.0;
				TARGETED_DEVICE_FAMILY = "1,2";
				TEST_TARGET_NAME = AlertMessageDemo;
			};
			name = Debug;
		};
		0628A28A22BE1008006ABADB /* Release */ = {
			isa = XCBuildConfiguration;
			buildSettings = {
				ALWAYS_EMBED_SWIFT_STANDARD_LIBRARIES = YES;
				CODE_SIGN_STYLE = Automatic;
				DEVELOPMENT_TEAM = L96G5KY244;
				INFOPLIST_FILE = AlertMessageDemoUITests/Info.plist;
				LD_RUNPATH_SEARCH_PATHS = (
					"$(inherited)",
					"@executable_path/Frameworks",
					"@loader_path/Frameworks",
				);
				PRODUCT_BUNDLE_IDENTIFIER = edu.cjcu.AlertMessageDemoUITests;
				PRODUCT_NAME = "$(TARGET_NAME)";
				SWIFT_VERSION = 5.0;
				TARGETED_DEVICE_FAMILY = "1,2";
				TEST_TARGET_NAME = AlertMessageDemo;
			};
			name = Release;
		};
/* End XCBuildConfiguration section */

/* Begin XCConfigurationList section */
		0628A25522BE1007006ABADB /* Build configuration list for PBXProject "AlertMessageDemo" */ = {
			isa = XCConfigurationList;
			buildConfigurations = (
				0628A28022BE1008006ABADB /* Debug */,
				0628A28122BE1008006ABADB /* Release */,
			);
			defaultConfigurationIsVisible = 0;
			defaultConfigurationName = Release;
		};
		0628A28222BE1008006ABADB /* Build configuration list for PBXNativeTarget "AlertMessageDemo" */ = {
			isa = XCConfigurationList;
			buildConfigurations = (
				0628A28322BE1008006ABADB /* Debug */,
				0628A28422BE1008006ABADB /* Release */,
			);
			defaultConfigurationIsVisible = 0;
			defaultConfigurationName = Release;
		};
		0628A28522BE1008006ABADB /* Build configuration list for PBXNativeTarget "AlertMessageDemoTests" */ = {
			isa = XCConfigurationList;
			buildConfigurations = (
				0628A28622BE1008006ABADB /* Debug */,
				0628A28722BE1008006ABADB /* Release */,
			);
			defaultConfigurationIsVisible = 0;
			defaultConfigurationName = Release;
		};
		0628A28822BE1008006ABADB /* Build configuration list for PBXNativeTarget "AlertMessageDemoUITests" */ = {
			isa = XCConfigurationList;
			buildConfigurations = (
				0628A28922BE1008006ABADB /* Debug */,
				0628A28A22BE1008006ABADB /* Release */,
			);
			defaultConfigurationIsVisible = 0;
			defaultConfigurationName = Release;
		};
/* End XCConfigurationList section */
	};
	rootObject = 0628A25222BE1007006ABADB /* Project object */;
}
